
Microsoft Visual Studio Solution File, Format Version 12.00
# Visual Studio Version 17
VisualStudioVersion = 17.4.33213.308
MinimumVisualStudioVersion = 10.0.40219.1
Project("{FAE04EC0-301F-11D3-BF4B-00C04F79EFBC}") = "Ejercicio4_Interfaces", "Ejercicio4_Interfaces\Ejercicio4_Interfaces.csproj", "{32A4DDD5-5DCF-43B4-B960-C769EBF152BB}"
EndProject
Global
	GlobalSection(SolutionConfigurationPlatforms) = preSolution
		Debug|Any CPU = Debug|Any CPU
		Release|Any CPU = Release|Any CPU
	EndGlobalSection
	GlobalSection(ProjectConfigurationPlatforms) = postSolution
		{32A4DDD5-5DCF-43B4-B960-C769EBF152BB}.Debug|Any CPU.ActiveCfg = Debug|Any CPU
		{32A4DDD5-5DCF-43B4-B960-C769EBF152BB}.Debug|Any CPU.Build.0 = Debug|Any CPU
		{32A4DDD5-5DCF-43B4-B960-C769EBF152BB}.Release|Any CPU.ActiveCfg = Release|Any CPU
		{32A4DDD5-5DCF-43B4-B960-C769EBF152BB}.Release|Any CPU.Build.0 = Release|Any CPU
	EndGlobalSection
	GlobalSection(SolutionProperties) = preSolution
		HideSolutionNode = FALSE
	EndGlobalSection
	GlobalSection(ExtensibilityGlobals) = postSolution
		SolutionGuid = {D7590AEB-F32B-4DD3-BDAB-6DFFD2F09298}
	EndGlobalSection
EndGlobal
